// !$*UTF8*$!
{
	archiveVersion = 1;
	classes = {
	};
	objectVersion = 48;
	objects = {

/* Begin PBXBuildFile section */
		2E2BE0F9208EC04A0049AD4E /* CustomObj.m in Sources */ = {isa = PBXBuildFile; fileRef = 2E2BE0F8208EC04A0049AD4E /* CustomObj.m */; };
		2E64FCAB206DF49400453F17 /* AppDelegate.m in Sources */ = {isa = PBXBuildFile; fileRef = 2E64FCAA206DF49400453F17 /* AppDelegate.m */; };
		2E64FCAE206DF49400453F17 /* ViewController.m in Sources */ = {isa = PBXBuildFile; fileRef = 2E64FCAD206DF49400453F17 /* ViewController.m */; };
		2E64FCB1206DF49400453F17 /* Main.storyboard in Resources */ = {isa = PBXBuildFile; fileRef = 2E64FCAF206DF49400453F17 /* Main.storyboard */; };
		2E64FCB3206DF49400453F17 /* Assets.xcassets in Resources */ = {isa = PBXBuildFile; fileRef = 2E64FCB2206DF49400453F17 /* Assets.xcassets */; };
		2E64FCB6206DF49400453F17 /* LaunchScreen.storyboard in Resources */ = {isa = PBXBuildFile; fileRef = 2E64FCB4206DF49400453F17 /* LaunchScreen.storyboard */; };
		2E64FCB9206DF49400453F17 /* main.m in Sources */ = {isa = PBXBuildFile; fileRef = 2E64FCB8206DF49400453F17 /* main.m */; };
/* End PBXBuildFile section */

/* Begin PBXFileReference section */
		2E2BE0F7208EC04A0049AD4E /* CustomObj.h */ = {isa = PBXFileReference; lastKnownFileType = sourcecode.c.h; path = CustomObj.h; sourceTree = "<group>"; };
		2E2BE0F8208EC04A0049AD4E /* CustomObj.m */ = {isa = PBXFileReference; lastKnownFileType = sourcecode.c.objc; path = CustomObj.m; sourceTree = "<group>"; };
		2E64FCA6206DF49400453F17 /* BaseOC.app */ = {isa = PBXFileReference; explicitFileType = wrapper.application; includeInIndex = 0; path = BaseOC.app; sourceTree = BUILT_PRODUCTS_DIR; };
		2E64FCA9206DF49400453F17 /* AppDelegate.h */ = {isa = PBXFileReference; lastKnownFileType = sourcecode.c.h; path = AppDelegate.h; sourceTree = "<group>"; };
		2E64FCAA206DF49400453F17 /* AppDelegate.m */ = {isa = PBXFileReference; lastKnownFileType = sourcecode.c.objc; path = AppDelegate.m; sourceTree = "<group>"; };
		2E64FCAC206DF49400453F17 /* ViewController.h */ = {isa = PBXFileReference; lastKnownFileType = sourcecode.c.h; path = ViewController.h; sourceTree = "<group>"; };
		2E64FCAD206DF49400453F17 /* ViewController.m */ = {isa = PBXFileReference; lastKnownFileType = sourcecode.c.objc; path = ViewController.m; sourceTree = "<group>"; };
		2E64FCB0206DF49400453F17 /* Base */ = {isa = PBXFileReference; lastKnownFileType = file.storyboard; name = Base; path = Base.lproj/Main.storyboard; sourceTree = "<group>"; };
		2E64FCB2206DF49400453F17 /* Assets.xcassets */ = {isa = PBXFileReference; lastKnownFileType = folder.assetcatalog; path = Assets.xcassets; sourceTree = "<group>"; };
		2E64FCB5206DF49400453F17 /* Base */ = {isa = PBXFileReference; lastKnownFileType = file.storyboard; name = Base; path = Base.lproj/LaunchScreen.storyboard; sourceTree = "<group>"; };
		2E64FCB7206DF49400453F17 /* Info.plist */ = {isa = PBXFileReference; lastKnownFileType = text.plist.xml; path = Info.plist; sourceTree = "<group>"; };
		2E64FCB8206DF49400453F17 /* main.m */ = {isa = PBXFileReference; lastKnownFileType = sourcecode.c.objc; path = main.m; sourceTree = "<group>"; };
		977EF6E2FC9DA5804C67E851 /* libPods-BaseOC.a */ = {isa = PBXFileReference; explicitFileType = archive.ar; includeInIndex = 0; path = "libPods-BaseOC.a"; sourceTree = BUILT_PRODUCTS_DIR; };
/* End PBXFileReference section */

/* Begin PBXFrameworksBuildPhase section */
		2E64FCA3206DF49400453F17 /* Frameworks */ = {
			isa = PBXFrameworksBuildPhase;
			buildActionMask = 2147483647;
			files = (
			);
			runOnlyForDeploymentPostprocessing = 0;
		};
/* End PBXFrameworksBuildPhase section */

/* Begin PBXGroup section */
		2E64FC9D206DF49400453F17 = {
			isa = PBXGroup;
			children = (
				2E64FCA8206DF49400453F17 /* BaseOC */,
				2E64FCA7206DF49400453F17 /* Products */,
				E11A0035A3CDF61E7BB68235 /* Frameworks */,
			);
			sourceTree = "<group>";
		};
		2E64FCA7206DF49400453F17 /* Products */ = {
			isa = PBXGroup;
			children = (
				2E64FCA6206DF49400453F17 /* BaseOC.app */,
			);
			name = Products;
			sourceTree = "<group>";
		};
		2E64FCA8206DF49400453F17 /* BaseOC */ = {
			isa = PBXGroup;
			children = (
				2E64FCA9206DF49400453F17 /* AppDelegate.h */,
				2E64FCAA206DF49400453F17 /* AppDelegate.m */,
				2E64FCAC206DF49400453F17 /* ViewController.h */,
				2E64FCAD206DF49400453F17 /* ViewController.m */,
				2E2BE0F7208EC04A0049AD4E /* CustomObj.h */,
				2E2BE0F8208EC04A0049AD4E /* CustomObj.m */,
				2E64FCAF206DF49400453F17 /* Main.storyboard */,
				2E64FCB2206DF49400453F17 /* Assets.xcassets */,
				2E64FCB4206DF49400453F17 /* LaunchScreen.storyboard */,
				2E64FCB7206DF49400453F17 /* Info.plist */,
				2E64FCB8206DF49400453F17 /* main.m */,
			);
			path = BaseOC;
			sourceTree = "<group>";
		};
		E11A0035A3CDF61E7BB68235 /* Frameworks */ = {
			isa = PBXGroup;
			children = (
				977EF6E2FC9DA5804C67E851 /* libPods-BaseOC.a */,
			);
			name = Frameworks;
			sourceTree = "<group>";
		};
/* End PBXGroup section */

/* Begin PBXNativeTarget section */
		2E64FCA5206DF49400453F17 /* BaseOC */ = {
			isa = PBXNativeTarget;
			buildConfigurationList = 2E64FCBC206DF49400453F17 /* Build configuration list for PBXNativeTarget "BaseOC" */;
			buildPhases = (
				2E64FCA2206DF49400453F17 /* Sources */,
				2E64FCA3206DF49400453F17 /* Frameworks */,
				2E64FCA4206DF49400453F17 /* Resources */,
			);
			buildRules = (
			);
			dependencies = (
			);
			name = BaseOC;
			productName = BaseOC;
			productReference = 2E64FCA6206DF49400453F17 /* BaseOC.app */;
			productType = "com.apple.product-type.application";
		};
/* End PBXNativeTarget section */

/* Begin PBXProject section */
		2E64FC9E206DF49400453F17 /* Project object */ = {
			isa = PBXProject;
			attributes = {
				LastUpgradeCheck = 0920;
				ORGANIZATIONNAME = skyming;
				TargetAttributes = {
					2E64FCA5206DF49400453F17 = {
						CreatedOnToolsVersion = 9.2;
						ProvisioningStyle = Manual;
					};
				};
			};
			buildConfigurationList = 2E64FCA1206DF49400453F17 /* Build configuration list for PBXProject "BaseOC" */;
			compatibilityVersion = "Xcode 8.0";
			developmentRegion = en;
			hasScannedForEncodings = 0;
			knownRegions = (
				en,
				Base,
			);
			mainGroup = 2E64FC9D206DF49400453F17;
			productRefGroup = 2E64FCA7206DF49400453F17 /* Products */;
			projectDirPath = "";
			projectRoot = "";
			targets = (
				2E64FCA5206DF49400453F17 /* BaseOC */,
			);
		};
/* End PBXProject section */

/* Begin PBXResourcesBuildPhase section */
		2E64FCA4206DF49400453F17 /* Resources */ = {
			isa = PBXResourcesBuildPhase;
			buildActionMask = 2147483647;
			files = (
				2E64FCB6206DF49400453F17 /* LaunchScreen.storyboard in Resources */,
				2E64FCB3206DF49400453F17 /* Assets.xcassets in Resources */,
				2E64FCB1206DF49400453F17 /* Main.storyboard in Resources */,
			);
			runOnlyForDeploymentPostprocessing = 0;
		};
/* End PBXResourcesBuildPhase section */

/* Begin PBXSourcesBuildPhase section */
		2E64FCA2206DF49400453F17 /* Sources */ = {
			isa = PBXSourcesBuildPhase;
			buildActionMask = 2147483647;
			files = (
				2E2BE0F9208EC04A0049AD4E /* CustomObj.m in Sources */,
				2E64FCAE206DF49400453F17 /* ViewController.m in Sources */,
				2E64FCB9206DF49400453F17 /* main.m in Sources */,
				2E64FCAB206DF49400453F17 /* AppDelegate.m in Sources */,
			);
			runOnlyForDeploymentPostprocessing = 0;
		};
/* End PBXSourcesBuildPhase section */

/* Begin PBXVariantGroup section */
		2E64FCAF206DF49400453F17 /* Main.storyboard */ = {
			isa = PBXVariantGroup;
			children = (
				2E64FCB0206DF49400453F17 /* Base */,
			);
			name = Main.storyboard;
			sourceTree = "<group>";
		};
		2E64FCB4206DF49400453F17 /* LaunchScreen.storyboard */ = {
			isa = PBXVariantGroup;
			children = (
				2E64FCB5206DF49400453F17 /* Base */,
			);
			name = LaunchScreen.storyboard;
			sourceTree = "<group>";
		};
/* End PBXVariantGroup section */

/* Begin XCBuildConfiguration section */
		2E64FCBA206DF49400453F17 /* Debug */ = {
			isa = XCBuildConfiguration;
			buildSettings = {
				ALWAYS_SEARCH_USER_PATHS = NO;
				CLANG_ANALYZER_NONNULL = YES;
				CLANG_ANALYZER_NUMBER_OBJECT_CONVERSION = YES_AGGRESSIVE;
				CLANG_CXX_LANGUAGE_STANDARD = "gnu++14";
				CLANG_CXX_LIBRARY = "libc++";
				CLANG_ENABLE_MODULES = YES;
				CLANG_ENABLE_OBJC_ARC = YES;
				CLANG_WARN_BLOCK_CAPTURE_AUTORELEASING = YES;
				CLANG_WARN_BOOL_CONVERSION = YES;
				CLANG_WARN_COMMA = YES;
				CLANG_WARN_CONSTANT_CONVERSION = YES;
				CLANG_WARN_DIRECT_OBJC_ISA_USAGE = YES_ERROR;
				CLANG_WARN_DOCUMENTATION_COMMENTS = YES;
				CLANG_WARN_EMPTY_BODY = YES;
				CLANG_WARN_ENUM_CONVERSION = YES;
				CLANG_WARN_INFINITE_RECURSION = YES;
				CLANG_WARN_INT_CONVERSION = YES;
				CLANG_WARN_NON_LITERAL_NULL_CONVERSION = YES;
				CLANG_WARN_OBJC_LITERAL_CONVERSION = YES;
				CLANG_WARN_OBJC_ROOT_CLASS = YES_ERROR;
				CLANG_WARN_RANGE_LOOP_ANALYSIS = YES;
				CLANG_WARN_STRICT_PROTOTYPES = YES;
				CLANG_WARN_SUSPICIOUS_MOVE = YES;
				CLANG_WARN_UNGUARDED_AVAILABILITY = YES_AGGRESSIVE;
				CLANG_WARN_UNREACHABLE_CODE = YES;
				CLANG_WARN__DUPLICATE_METHOD_MATCH = YES;
				CODE_SIGN_IDENTITY = "iPhone Developer";
				COPY_PHASE_STRIP = NO;
				DEBUG_INFORMATION_FORMAT = dwarf;
				ENABLE_STRICT_OBJC_MSGSEND = YES;
				ENABLE_TESTABILITY = YES;
				GCC_C_LANGUAGE_STANDARD = gnu11;
				GCC_DYNAMIC_NO_PIC = NO;
				GCC_NO_COMMON_BLOCKS = YES;
				GCC_OPTIMIZATION_LEVEL = 0;
				GCC_PREPROCESSOR_DEFINITIONS = (
					"DEBUG=1",
					"$(inherited)",
				);
				GCC_WARN_64_TO_32_BIT_CONVERSION = YES;
				GCC_WARN_ABOUT_RETURN_TYPE = YES_ERROR;
				GCC_WARN_UNDECLARED_SELECTOR = YES;
				GCC_WARN_UNINITIALIZED_AUTOS = YES_AGGRESSIVE;
				GCC_WARN_UNUSED_FUNCTION = YES;
				GCC_WARN_UNUSED_VARIABLE = YES;
				IPHONEOS_DEPLOYMENT_TARGET = 11.2;
				MTL_ENABLE_DEBUG_INFO = YES;
				ONLY_ACTIVE_ARCH = YES;
				SDKROOT = iphoneos;
			};
			name = Debug;
		};
		2E64FCBB206DF49400453F17 /* Release */ = {
			isa = XCBuildConfiguration;
			buildSettings = {
				ALWAYS_SEARCH_USER_PATHS = NO;
				CLANG_ANALYZER_NONNULL = YES;
				CLANG_ANALYZER_NUMBER_OBJECT_CONVERSION = YES_AGGRESSIVE;
				CLANG_CXX_LANGUAGE_STANDARD = "gnu++14";
				CLANG_CXX_LIBRARY = "libc++";
				CLANG_ENABLE_MODULES = YES;
				CLANG_ENABLE_OBJC_ARC = YES;
				CLANG_WARN_BLOCK_CAPTURE_AUTORELEASING = YES;
				CLANG_WARN_BOOL_CONVERSION = YES;
				CLANG_WARN_COMMA = YES;
				CLANG_WARN_CONSTANT_CONVERSION = YES;
				CLANG_WARN_DIRECT_OBJC_ISA_USAGE = YES_ERROR;
				CLANG_WARN_DOCUMENTATION_COMMENTS = YES;
				CLANG_WARN_EMPTY_BODY = YES;
				CLANG_WARN_ENUM_CONVERSION = YES;
				CLANG_WARN_INFINITE_RECURSION = YES;
				CLANG_WARN_INT_CONVERSION = YES;
				CLANG_WARN_NON_LITERAL_NULL_CONVERSION = YES;
				CLANG_WARN_OBJC_LITERAL_CONVERSION = YES;
				CLANG_WARN_OBJC_ROOT_CLASS = YES_ERROR;
				CLANG_WARN_RANGE_LOOP_ANALYSIS = YES;
				CLANG_WARN_STRICT_PROTOTYPES = YES;
				CLANG_WARN_SUSPICIOUS_MOVE = YES;
				CLANG_WARN_UNGUARDED_AVAILABILITY = YES_AGGRESSIVE;
				CLANG_WARN_UNREACHABLE_CODE = YES;
				CLANG_WARN__DUPLICATE_METHOD_MATCH = YES;
				CODE_SIGN_IDENTITY = "iPhone Developer";
				COPY_PHASE_STRIP = NO;
				DEBUG_INFORMATION_FORMAT = "dwarf-with-dsym";
				ENABLE_NS_ASSERTIONS = NO;
				ENABLE_STRICT_OBJC_MSGSEND = YES;
				GCC_C_LANGUAGE_STANDARD = gnu11;
				GCC_NO_COMMON_BLOCKS = YES;
				GCC_WARN_64_TO_32_BIT_CONVERSION = YES;
				GCC_WARN_ABOUT_RETURN_TYPE = YES_ERROR;
				GCC_WARN_UNDECLARED_SELECTOR = YES;
				GCC_WARN_UNINITIALIZED_AUTOS = YES_AGGRESSIVE;
				GCC_WARN_UNUSED_FUNCTION = YES;
				GCC_WARN_UNUSED_VARIABLE = YES;
				IPHONEOS_DEPLOYMENT_TARGET = 11.2;
				MTL_ENABLE_DEBUG_INFO = NO;
				SDKROOT = iphoneos;
				VALIDATE_PRODUCT = YES;
			};
			name = Release;
		};
		2E64FCBD206DF49400453F17 /* Debug */ = {
			isa = XCBuildConfiguration;
			buildSettings = {
				ASSETCATALOG_COMPILER_APPICON_NAME = AppIcon;
				CODE_SIGN_STYLE = Manual;
				DEVELOPMENT_TEAM = "";
				INFOPLIST_FILE = BaseOC/Info.plist;
				LD_RUNPATH_SEARCH_PATHS = "$(inherited) @executable_path/Frameworks";
				PRODUCT_BUNDLE_IDENTIFIER = com.skyming.BaseOC;
				PRODUCT_NAME = "$(TARGET_NAME)";
				PROVISIONING_PROFILE_SPECIFIER = "";
				TARGETED_DEVICE_FAMILY = "1,2";
			};
			name = Debug;
		};
		2E64FCBE206DF49400453F17 /* Release */ = {
			isa = XCBuildConfiguration;
			buildSettings = {
				ASSETCATALOG_COMPILER_APPICON_NAME = AppIcon;
				CODE_SIGN_STYLE = Manual;
				DEVELOPMENT_TEAM = "";
				INFOPLIST_FILE = BaseOC/Info.plist;
				LD_RUNPATH_SEARCH_PATHS = "$(inherited) @executable_path/Frameworks";
				PRODUCT_BUNDLE_IDENTIFIER = com.skyming.BaseOC;
				PRODUCT_NAME = "$(TARGET_NAME)";
				PROVISIONING_PROFILE_SPECIFIER = "";
				TARGETED_DEVICE_FAMILY = "1,2";
			};
			name = Release;
		};
/* End XCBuildConfiguration section */

/* Begin XCConfigurationList section */
		2E64FCA1206DF49400453F17 /* Build configuration list for PBXProject "BaseOC" */ = {
			isa = XCConfigurationList;
			buildConfigurations = (
				2E64FCBA206DF49400453F17 /* Debug */,
				2E64FCBB206DF49400453F17 /* Release */,
			);
			defaultConfigurationIsVisible = 0;
			defaultConfigurationName = Release;
		};
		2E64FCBC206DF49400453F17 /* Build configuration list for PBXNativeTarget "BaseOC" */ = {
			isa = XCConfigurationList;
			buildConfigurations = (
				2E64FCBD206DF49400453F17 /* Debug */,
				2E64FCBE206DF49400453F17 /* Release */,
			);
			defaultConfigurationIsVisible = 0;
			defaultConfigurationName = Release;
		};
/* End XCConfigurationList section */
	};
	rootObject = 2E64FC9E206DF49400453F17 /* Project object */;
}
